
Microsoft Visual Studio Solution File, Format Version 12.00
Project("{FAE04EC0-301F-11D3-BF4B-00C04F79EFBC}") = "WordCounter", "WordCounter\WordCounter.csproj", "{751B9C9E-AD90-431D-B38C-809D0C91D3E5}"
EndProject
Global
	GlobalSection(SolutionConfigurationPlatforms) = preSolution
		Debug|Any CPU = Debug|Any CPU
		Release|Any CPU = Release|Any CPU
	EndGlobalSection
	GlobalSection(ProjectConfigurationPlatforms) = postSolution
		{751B9C9E-AD90-431D-B38C-809D0C91D3E5}.Debug|Any CPU.ActiveCfg = Debug|Any CPU
		{751B9C9E-AD90-431D-B38C-809D0C91D3E5}.Debug|Any CPU.Build.0 = Debug|Any CPU
		{751B9C9E-AD90-431D-B38C-809D0C91D3E5}.Release|Any CPU.ActiveCfg = Release|Any CPU
		{751B9C9E-AD90-431D-B38C-809D0C91D3E5}.Release|Any CPU.Build.0 = Release|Any CPU
	EndGlobalSection
EndGlobal
